
Microsoft Visual Studio Solution File, Format Version 12.00
# Visual Studio Version 17
VisualStudioVersion = 17.4.33110.190
MinimumVisualStudioVersion = 10.0.40219.1
Project("{FAE04EC0-301F-11D3-BF4B-00C04F79EFBC}") = "MainStuff", "ConsoleApp1\MainStuff.csproj", "{42B198F6-7D34-41B2-919E-04AE4875E62F}"
EndProject
Global
	GlobalSection(SolutionConfigurationPlatforms) = preSolution
		Debug|Any CPU = Debug|Any CPU
		Release|Any CPU = Release|Any CPU
	EndGlobalSection
	GlobalSection(ProjectConfigurationPlatforms) = postSolution
		{42B198F6-7D34-41B2-919E-04AE4875E62F}.Debug|Any CPU.ActiveCfg = Debug|Any CPU
		{42B198F6-7D34-41B2-919E-04AE4875E62F}.Debug|Any CPU.Build.0 = Debug|Any CPU
		{42B198F6-7D34-41B2-919E-04AE4875E62F}.Release|Any CPU.ActiveCfg = Release|Any CPU
		{42B198F6-7D34-41B2-919E-04AE4875E62F}.Release|Any CPU.Build.0 = Release|Any CPU
	EndGlobalSection
	GlobalSection(SolutionProperties) = preSolution
		HideSolutionNode = FALSE
	EndGlobalSection
	GlobalSection(ExtensibilityGlobals) = postSolution
		SolutionGuid = {5CD46BE8-4F77-4A20-986B-C032DB193926}
	EndGlobalSection
EndGlobal
